// !$*UTF8*$!
{
	archiveVersion = 1;
	classes = {
	};
	objectVersion = 77;
	objects = {

/* Begin PBXContainerItemProxy section */
		034799D32DC4712A00BBC2AC /* PBXContainerItemProxy */ = {
			isa = PBXContainerItemProxy;
			containerPortal = 034799BD2DC4712900BBC2AC /* Project object */;
			proxyType = 1;
			remoteGlobalIDString = 034799C42DC4712900BBC2AC;
			remoteInfo = BadTherapy;
		};
		034799DD2DC4712A00BBC2AC /* PBXContainerItemProxy */ = {
			isa = PBXContainerItemProxy;
			containerPortal = 034799BD2DC4712900BBC2AC /* Project object */;
			proxyType = 1;
			remoteGlobalIDString = 034799C42DC4712900BBC2AC;
			remoteInfo = BadTherapy;
		};
/* End PBXContainerItemProxy section */

/* Begin PBXFileReference section */
		034799C52DC4712900BBC2AC /* BadTherapy.app */ = {isa = PBXFileReference; explicitFileType = wrapper.application; includeInIndex = 0; path = BadTherapy.app; sourceTree = BUILT_PRODUCTS_DIR; };
		034799D22DC4712A00BBC2AC /* BadTherapyTests.xctest */ = {isa = PBXFileReference; explicitFileType = wrapper.cfbundle; includeInIndex = 0; path = BadTherapyTests.xctest; sourceTree = BUILT_PRODUCTS_DIR; };
		034799DC2DC4712A00BBC2AC /* BadTherapyUITests.xctest */ = {isa = PBXFileReference; explicitFileType = wrapper.cfbundle; includeInIndex = 0; path = BadTherapyUITests.xctest; sourceTree = BUILT_PRODUCTS_DIR; };
/* End PBXFileReference section */

/* Begin PBXFileSystemSynchronizedRootGroup section */
		034799C72DC4712900BBC2AC /* BadTherapy */ = {
			isa = PBXFileSystemSynchronizedRootGroup;
			path = BadTherapy;
			sourceTree = "<group>";
		};
		034799D52DC4712A00BBC2AC /* BadTherapyTests */ = {
			isa = PBXFileSystemSynchronizedRootGroup;
			path = BadTherapyTests;
			sourceTree = "<group>";
		};
		034799DF2DC4712A00BBC2AC /* BadTherapyUITests */ = {
			isa = PBXFileSystemSynchronizedRootGroup;
			path = BadTherapyUITests;
			sourceTree = "<group>";
		};
/* End PBXFileSystemSynchronizedRootGroup section */

/* Begin PBXFrameworksBuildPhase section */
		034799C22DC4712900BBC2AC /* Frameworks */ = {
			isa = PBXFrameworksBuildPhase;
			buildActionMask = 2147483647;
			files = (
			);
			runOnlyForDeploymentPostprocessing = 0;
		};
		034799CF2DC4712A00BBC2AC /* Frameworks */ = {
			isa = PBXFrameworksBuildPhase;
			buildActionMask = 2147483647;
			files = (
			);
			runOnlyForDeploymentPostprocessing = 0;
		};
		034799D92DC4712A00BBC2AC /* Frameworks */ = {
			isa = PBXFrameworksBuildPhase;
			buildActionMask = 2147483647;
			files = (
			);
			runOnlyForDeploymentPostprocessing = 0;
		};
/* End PBXFrameworksBuildPhase section */

/* Begin PBXGroup section */
		034799BC2DC4712900BBC2AC = {
			isa = PBXGroup;
			children = (
				034799C72DC4712900BBC2AC /* BadTherapy */,
				034799D52DC4712A00BBC2AC /* BadTherapyTests */,
				034799DF2DC4712A00BBC2AC /* BadTherapyUITests */,
				034799C62DC4712900BBC2AC /* Products */,
			);
			sourceTree = "<group>";
		};
		034799C62DC4712900BBC2AC /* Products */ = {
			isa = PBXGroup;
			children = (
				034799C52DC4712900BBC2AC /* BadTherapy.app */,
				034799D22DC4712A00BBC2AC /* BadTherapyTests.xctest */,
				034799DC2DC4712A00BBC2AC /* BadTherapyUITests.xctest */,
			);
			name = Products;
			sourceTree = "<group>";
		};
/* End PBXGroup section */

/* Begin PBXNativeTarget section */
		034799C42DC4712900BBC2AC /* BadTherapy */ = {
			isa = PBXNativeTarget;
			buildConfigurationList = 034799E62DC4712A00BBC2AC /* Build configuration list for PBXNativeTarget "BadTherapy" */;
			buildPhases = (
				034799C12DC4712900BBC2AC /* Sources */,
				034799C22DC4712900BBC2AC /* Frameworks */,
				034799C32DC4712900BBC2AC /* Resources */,
			);
			buildRules = (
			);
			dependencies = (
			);
			fileSystemSynchronizedGroups = (
				034799C72DC4712900BBC2AC /* BadTherapy */,
			);
			name = BadTherapy;
			packageProductDependencies = (
			);
			productName = BadTherapy;
			productReference = 034799C52DC4712900BBC2AC /* BadTherapy.app */;
			productType = "com.apple.product-type.application";
		};
		034799D12DC4712A00BBC2AC /* BadTherapyTests */ = {
			isa = PBXNativeTarget;
			buildConfigurationList = 034799E92DC4712A00BBC2AC /* Build configuration list for PBXNativeTarget "BadTherapyTests" */;
			buildPhases = (
				034799CE2DC4712A00BBC2AC /* Sources */,
				034799CF2DC4712A00BBC2AC /* Frameworks */,
				034799D02DC4712A00BBC2AC /* Resources */,
			);
			buildRules = (
			);
			dependencies = (
				034799D42DC4712A00BBC2AC /* PBXTargetDependency */,
			);
			fileSystemSynchronizedGroups = (
				034799D52DC4712A00BBC2AC /* BadTherapyTests */,
			);
			name = BadTherapyTests;
			packageProductDependencies = (
			);
			productName = BadTherapyTests;
			productReference = 034799D22DC4712A00BBC2AC /* BadTherapyTests.xctest */;
			productType = "com.apple.product-type.bundle.unit-test";
		};
		034799DB2DC4712A00BBC2AC /* BadTherapyUITests */ = {
			isa = PBXNativeTarget;
			buildConfigurationList = 034799EC2DC4712A00BBC2AC /* Build configuration list for PBXNativeTarget "BadTherapyUITests" */;
			buildPhases = (
				034799D82DC4712A00BBC2AC /* Sources */,
				034799D92DC4712A00BBC2AC /* Frameworks */,
				034799DA2DC4712A00BBC2AC /* Resources */,
			);
			buildRules = (
			);
			dependencies = (
				034799DE2DC4712A00BBC2AC /* PBXTargetDependency */,
			);
			fileSystemSynchronizedGroups = (
				034799DF2DC4712A00BBC2AC /* BadTherapyUITests */,
			);
			name = BadTherapyUITests;
			packageProductDependencies = (
			);
			productName = BadTherapyUITests;
			productReference = 034799DC2DC4712A00BBC2AC /* BadTherapyUITests.xctest */;
			productType = "com.apple.product-type.bundle.ui-testing";
		};
/* End PBXNativeTarget section */

/* Begin PBXProject section */
		034799BD2DC4712900BBC2AC /* Project object */ = {
			isa = PBXProject;
			attributes = {
				BuildIndependentTargetsInParallel = 1;
				LastSwiftUpdateCheck = 1630;
				LastUpgradeCheck = 1630;
				TargetAttributes = {
					034799C42DC4712900BBC2AC = {
						CreatedOnToolsVersion = 16.3;
					};
					034799D12DC4712A00BBC2AC = {
						CreatedOnToolsVersion = 16.3;
						TestTargetID = 034799C42DC4712900BBC2AC;
					};
					034799DB2DC4712A00BBC2AC = {
						CreatedOnToolsVersion = 16.3;
						TestTargetID = 034799C42DC4712900BBC2AC;
					};
				};
			};
			buildConfigurationList = 034799C02DC4712900BBC2AC /* Build configuration list for PBXProject "BadTherapy" */;
			developmentRegion = en;
			hasScannedForEncodings = 0;
			knownRegions = (
				en,
				Base,
			);
			mainGroup = 034799BC2DC4712900BBC2AC;
			minimizedProjectReferenceProxies = 1;
			preferredProjectObjectVersion = 77;
			productRefGroup = 034799C62DC4712900BBC2AC /* Products */;
			projectDirPath = "";
			projectRoot = "";
			targets = (
				034799C42DC4712900BBC2AC /* BadTherapy */,
				034799D12DC4712A00BBC2AC /* BadTherapyTests */,
				034799DB2DC4712A00BBC2AC /* BadTherapyUITests */,
			);
		};
/* End PBXProject section */

/* Begin PBXResourcesBuildPhase section */
		034799C32DC4712900BBC2AC /* Resources */ = {
			isa = PBXResourcesBuildPhase;
			buildActionMask = 2147483647;
			files = (
			);
			runOnlyForDeploymentPostprocessing = 0;
		};
		034799D02DC4712A00BBC2AC /* Resources */ = {
			isa = PBXResourcesBuildPhase;
			buildActionMask = 2147483647;
			files = (
			);
			runOnlyForDeploymentPostprocessing = 0;
		};
		034799DA2DC4712A00BBC2AC /* Resources */ = {
			isa = PBXResourcesBuildPhase;
			buildActionMask = 2147483647;
			files = (
			);
			runOnlyForDeploymentPostprocessing = 0;
		};
/* End PBXResourcesBuildPhase section */

/* Begin PBXSourcesBuildPhase section */
		034799C12DC4712900BBC2AC /* Sources */ = {
			isa = PBXSourcesBuildPhase;
			buildActionMask = 2147483647;
			files = (
			);
			runOnlyForDeploymentPostprocessing = 0;
		};
		034799CE2DC4712A00BBC2AC /* Sources */ = {
			isa = PBXSourcesBuildPhase;
			buildActionMask = 2147483647;
			files = (
			);
			runOnlyForDeploymentPostprocessing = 0;
		};
		034799D82DC4712A00BBC2AC /* Sources */ = {
			isa = PBXSourcesBuildPhase;
			buildActionMask = 2147483647;
			files = (
			);
			runOnlyForDeploymentPostprocessing = 0;
		};
/* End PBXSourcesBuildPhase section */

/* Begin PBXTargetDependency section */
		034799D42DC4712A00BBC2AC /* PBXTargetDependency */ = {
			isa = PBXTargetDependency;
			target = 034799C42DC4712900BBC2AC /* BadTherapy */;
			targetProxy = 034799D32DC4712A00BBC2AC /* PBXContainerItemProxy */;
		};
		034799DE2DC4712A00BBC2AC /* PBXTargetDependency */ = {
			isa = PBXTargetDependency;
			target = 034799C42DC4712900BBC2AC /* BadTherapy */;
			targetProxy = 034799DD2DC4712A00BBC2AC /* PBXContainerItemProxy */;
		};
/* End PBXTargetDependency section */

/* Begin XCBuildConfiguration section */
		034799E42DC4712A00BBC2AC /* Debug */ = {
			isa = XCBuildConfiguration;
			buildSettings = {
				ALWAYS_SEARCH_USER_PATHS = NO;
				ASSETCATALOG_COMPILER_GENERATE_SWIFT_ASSET_SYMBOL_EXTENSIONS = YES;
				CLANG_ANALYZER_NONNULL = YES;
				CLANG_ANALYZER_NUMBER_OBJECT_CONVERSION = YES_AGGRESSIVE;
				CLANG_CXX_LANGUAGE_STANDARD = "gnu++20";
				CLANG_ENABLE_MODULES = YES;
				CLANG_ENABLE_OBJC_ARC = YES;
				CLANG_ENABLE_OBJC_WEAK = YES;
				CLANG_WARN_BLOCK_CAPTURE_AUTORELEASING = YES;
				CLANG_WARN_BOOL_CONVERSION = YES;
				CLANG_WARN_COMMA = YES;
				CLANG_WARN_CONSTANT_CONVERSION = YES;
				CLANG_WARN_DEPRECATED_OBJC_IMPLEMENTATIONS = YES;
				CLANG_WARN_DIRECT_OBJC_ISA_USAGE = YES_ERROR;
				CLANG_WARN_DOCUMENTATION_COMMENTS = YES;
				CLANG_WARN_EMPTY_BODY = YES;
				CLANG_WARN_ENUM_CONVERSION = YES;
				CLANG_WARN_INFINITE_RECURSION = YES;
				CLANG_WARN_INT_CONVERSION = YES;
				CLANG_WARN_NON_LITERAL_NULL_CONVERSION = YES;
				CLANG_WARN_OBJC_IMPLICIT_RETAIN_SELF = YES;
				CLANG_WARN_OBJC_LITERAL_CONVERSION = YES;
				CLANG_WARN_OBJC_ROOT_CLASS = YES_ERROR;
				CLANG_WARN_QUOTED_INCLUDE_IN_FRAMEWORK_HEADER = YES;
				CLANG_WARN_RANGE_LOOP_ANALYSIS = YES;
				CLANG_WARN_STRICT_PROTOTYPES = YES;
				CLANG_WARN_SUSPICIOUS_MOVE = YES;
				CLANG_WARN_UNGUARDED_AVAILABILITY = YES_AGGRESSIVE;
				CLANG_WARN_UNREACHABLE_CODE = YES;
				CLANG_WARN__DUPLICATE_METHOD_MATCH = YES;
				COPY_PHASE_STRIP = NO;
				DEBUG_INFORMATION_FORMAT = dwarf;
				ENABLE_STRICT_OBJC_MSGSEND = YES;
				ENABLE_TESTABILITY = YES;
				ENABLE_USER_SCRIPT_SANDBOXING = YES;
				GCC_C_LANGUAGE_STANDARD = gnu17;
				GCC_DYNAMIC_NO_PIC = NO;
				GCC_NO_COMMON_BLOCKS = YES;
				GCC_OPTIMIZATION_LEVEL = 0;
				GCC_PREPROCESSOR_DEFINITIONS = (
					"DEBUG=1",
					"$(inherited)",
				);
				GCC_WARN_64_TO_32_BIT_CONVERSION = YES;
				GCC_WARN_ABOUT_RETURN_TYPE = YES_ERROR;
				GCC_WARN_UNDECLARED_SELECTOR = YES;
				GCC_WARN_UNINITIALIZED_AUTOS = YES_AGGRESSIVE;
				GCC_WARN_UNUSED_FUNCTION = YES;
				GCC_WARN_UNUSED_VARIABLE = YES;
				IPHONEOS_DEPLOYMENT_TARGET = 18.4;
				LOCALIZATION_PREFERS_STRING_CATALOGS = YES;
				MTL_ENABLE_DEBUG_INFO = INCLUDE_SOURCE;
				MTL_FAST_MATH = YES;
				ONLY_ACTIVE_ARCH = YES;
				SDKROOT = iphoneos;
				SWIFT_ACTIVE_COMPILATION_CONDITIONS = "DEBUG $(inherited)";
				SWIFT_OPTIMIZATION_LEVEL = "-Onone";
			};
			name = Debug;
		};
		034799E52DC4712A00BBC2AC /* Release */ = {
			isa = XCBuildConfiguration;
			buildSettings = {
				ALWAYS_SEARCH_USER_PATHS = NO;
				ASSETCATALOG_COMPILER_GENERATE_SWIFT_ASSET_SYMBOL_EXTENSIONS = YES;
				CLANG_ANALYZER_NONNULL = YES;
				CLANG_ANALYZER_NUMBER_OBJECT_CONVERSION = YES_AGGRESSIVE;
				CLANG_CXX_LANGUAGE_STANDARD = "gnu++20";
				CLANG_ENABLE_MODULES = YES;
				CLANG_ENABLE_OBJC_ARC = YES;
				CLANG_ENABLE_OBJC_WEAK = YES;
				CLANG_WARN_BLOCK_CAPTURE_AUTORELEASING = YES;
				CLANG_WARN_BOOL_CONVERSION = YES;
				CLANG_WARN_COMMA = YES;
				CLANG_WARN_CONSTANT_CONVERSION = YES;
				CLANG_WARN_DEPRECATED_OBJC_IMPLEMENTATIONS = YES;
				CLANG_WARN_DIRECT_OBJC_ISA_USAGE = YES_ERROR;
				CLANG_WARN_DOCUMENTATION_COMMENTS = YES;
				CLANG_WARN_EMPTY_BODY = YES;
				CLANG_WARN_ENUM_CONVERSION = YES;
				CLANG_WARN_INFINITE_RECURSION = YES;
				CLANG_WARN_INT_CONVERSION = YES;
				CLANG_WARN_NON_LITERAL_NULL_CONVERSION = YES;
				CLANG_WARN_OBJC_IMPLICIT_RETAIN_SELF = YES;
				CLANG_WARN_OBJC_LITERAL_CONVERSION = YES;
				CLANG_WARN_OBJC_ROOT_CLASS = YES_ERROR;
				CLANG_WARN_QUOTED_INCLUDE_IN_FRAMEWORK_HEADER = YES;
				CLANG_WARN_RANGE_LOOP_ANALYSIS = YES;
				CLANG_WARN_STRICT_PROTOTYPES = YES;
				CLANG_WARN_SUSPICIOUS_MOVE = YES;
				CLANG_WARN_UNGUARDED_AVAILABILITY = YES_AGGRESSIVE;
				CLANG_WARN_UNREACHABLE_CODE = YES;
				CLANG_WARN__DUPLICATE_METHOD_MATCH = YES;
				COPY_PHASE_STRIP = NO;
				DEBUG_INFORMATION_FORMAT = "dwarf-with-dsym";
				ENABLE_NS_ASSERTIONS = NO;
				ENABLE_STRICT_OBJC_MSGSEND = YES;
				ENABLE_USER_SCRIPT_SANDBOXING = YES;
				GCC_C_LANGUAGE_STANDARD = gnu17;
				GCC_NO_COMMON_BLOCKS = YES;
				GCC_WARN_64_TO_32_BIT_CONVERSION = YES;
				GCC_WARN_ABOUT_RETURN_TYPE = YES_ERROR;
				GCC_WARN_UNDECLARED_SELECTOR = YES;
				GCC_WARN_UNINITIALIZED_AUTOS = YES_AGGRESSIVE;
				GCC_WARN_UNUSED_FUNCTION = YES;
				GCC_WARN_UNUSED_VARIABLE = YES;
				IPHONEOS_DEPLOYMENT_TARGET = 18.4;
				LOCALIZATION_PREFERS_STRING_CATALOGS = YES;
				MTL_ENABLE_DEBUG_INFO = NO;
				MTL_FAST_MATH = YES;
				SDKROOT = iphoneos;
				SWIFT_COMPILATION_MODE = wholemodule;
				VALIDATE_PRODUCT = YES;
			};
			name = Release;
		};
		034799E72DC4712A00BBC2AC /* Debug */ = {
			isa = XCBuildConfiguration;
			buildSettings = {
				ASSETCATALOG_COMPILER_APPICON_NAME = AppIcon;
				ASSETCATALOG_COMPILER_GLOBAL_ACCENT_COLOR_NAME = AccentColor;
				CODE_SIGN_STYLE = Automatic;
				CURRENT_PROJECT_VERSION = 1;
				ENABLE_PREVIEWS = YES;
				GENERATE_INFOPLIST_FILE = YES;
				INFOPLIST_KEY_UIApplicationSceneManifest_Generation = YES;
				INFOPLIST_KEY_UIApplicationSupportsIndirectInputEvents = YES;
				INFOPLIST_KEY_UILaunchScreen_Generation = YES;
				INFOPLIST_KEY_UISupportedInterfaceOrientations_iPad = "UIInterfaceOrientationPortrait UIInterfaceOrientationPortraitUpsideDown UIInterfaceOrientationLandscapeLeft UIInterfaceOrientationLandscapeRight";
				INFOPLIST_KEY_UISupportedInterfaceOrientations_iPhone = "UIInterfaceOrientationPortrait UIInterfaceOrientationLandscapeLeft UIInterfaceOrientationLandscapeRight";
				LD_RUNPATH_SEARCH_PATHS = (
					"$(inherited)",
					"@executable_path/Frameworks",
				);
				MARKETING_VERSION = 1.0;
				PRODUCT_BUNDLE_IDENTIFIER = com.devinbushey.BadTherapy;
				PRODUCT_NAME = "$(TARGET_NAME)";
				SWIFT_EMIT_LOC_STRINGS = YES;
				SWIFT_VERSION = 5.0;
				TARGETED_DEVICE_FAMILY = "1,2";
			};
			name = Debug;
		};
		034799E82DC4712A00BBC2AC /* Release */ = {
			isa = XCBuildConfiguration;
			buildSettings = {
				ASSETCATALOG_COMPILER_APPICON_NAME = AppIcon;
				ASSETCATALOG_COMPILER_GLOBAL_ACCENT_COLOR_NAME = AccentColor;
				CODE_SIGN_STYLE = Automatic;
				CURRENT_PROJECT_VERSION = 1;
				ENABLE_PREVIEWS = YES;
				GENERATE_INFOPLIST_FILE = YES;
				INFOPLIST_KEY_UIApplicationSceneManifest_Generation = YES;
				INFOPLIST_KEY_UIApplicationSupportsIndirectInputEvents = YES;
				INFOPLIST_KEY_UILaunchScreen_Generation = YES;
				INFOPLIST_KEY_UISupportedInterfaceOrientations_iPad = "UIInterfaceOrientationPortrait UIInterfaceOrientationPortraitUpsideDown UIInterfaceOrientationLandscapeLeft UIInterfaceOrientationLandscapeRight";
				INFOPLIST_KEY_UISupportedInterfaceOrientations_iPhone = "UIInterfaceOrientationPortrait UIInterfaceOrientationLandscapeLeft UIInterfaceOrientationLandscapeRight";
				LD_RUNPATH_SEARCH_PATHS = (
					"$(inherited)",
					"@executable_path/Frameworks",
				);
				MARKETING_VERSION = 1.0;
				PRODUCT_BUNDLE_IDENTIFIER = com.devinbushey.BadTherapy;
				PRODUCT_NAME = "$(TARGET_NAME)";
				SWIFT_EMIT_LOC_STRINGS = YES;
				SWIFT_VERSION = 5.0;
				TARGETED_DEVICE_FAMILY = "1,2";
			};
			name = Release;
		};
		034799EA2DC4712A00BBC2AC /* Debug */ = {
			isa = XCBuildConfiguration;
			buildSettings = {
				BUNDLE_LOADER = "$(TEST_HOST)";
				CODE_SIGN_STYLE = Automatic;
				CURRENT_PROJECT_VERSION = 1;
				GENERATE_INFOPLIST_FILE = YES;
				IPHONEOS_DEPLOYMENT_TARGET = 18.4;
				MARKETING_VERSION = 1.0;
				PRODUCT_BUNDLE_IDENTIFIER = com.devinbushey.BadTherapyTests;
				PRODUCT_NAME = "$(TARGET_NAME)";
				SWIFT_EMIT_LOC_STRINGS = NO;
				SWIFT_VERSION = 5.0;
				TARGETED_DEVICE_FAMILY = "1,2";
				TEST_HOST = "$(BUILT_PRODUCTS_DIR)/BadTherapy.app/$(BUNDLE_EXECUTABLE_FOLDER_PATH)/BadTherapy";
			};
			name = Debug;
		};
		034799EB2DC4712A00BBC2AC /* Release */ = {
			isa = XCBuildConfiguration;
			buildSettings = {
				BUNDLE_LOADER = "$(TEST_HOST)";
				CODE_SIGN_STYLE = Automatic;
				CURRENT_PROJECT_VERSION = 1;
				GENERATE_INFOPLIST_FILE = YES;
				IPHONEOS_DEPLOYMENT_TARGET = 18.4;
				MARKETING_VERSION = 1.0;
				PRODUCT_BUNDLE_IDENTIFIER = com.devinbushey.BadTherapyTests;
				PRODUCT_NAME = "$(TARGET_NAME)";
				SWIFT_EMIT_LOC_STRINGS = NO;
				SWIFT_VERSION = 5.0;
				TARGETED_DEVICE_FAMILY = "1,2";
				TEST_HOST = "$(BUILT_PRODUCTS_DIR)/BadTherapy.app/$(BUNDLE_EXECUTABLE_FOLDER_PATH)/BadTherapy";
			};
			name = Release;
		};
		034799ED2DC4712A00BBC2AC /* Debug */ = {
			isa = XCBuildConfiguration;
			buildSettings = {
				CODE_SIGN_STYLE = Automatic;
				CURRENT_PROJECT_VERSION = 1;
				GENERATE_INFOPLIST_FILE = YES;
				MARKETING_VERSION = 1.0;
				PRODUCT_BUNDLE_IDENTIFIER = com.devinbushey.BadTherapyUITests;
				PRODUCT_NAME = "$(TARGET_NAME)";
				SWIFT_EMIT_LOC_STRINGS = NO;
				SWIFT_VERSION = 5.0;
				TARGETED_DEVICE_FAMILY = "1,2";
				TEST_TARGET_NAME = BadTherapy;
			};
			name = Debug;
		};
		034799EE2DC4712A00BBC2AC /* Release */ = {
			isa = XCBuildConfiguration;
			buildSettings = {
				CODE_SIGN_STYLE = Automatic;
				CURRENT_PROJECT_VERSION = 1;
				GENERATE_INFOPLIST_FILE = YES;
				MARKETING_VERSION = 1.0;
				PRODUCT_BUNDLE_IDENTIFIER = com.devinbushey.BadTherapyUITests;
				PRODUCT_NAME = "$(TARGET_NAME)";
				SWIFT_EMIT_LOC_STRINGS = NO;
				SWIFT_VERSION = 5.0;
				TARGETED_DEVICE_FAMILY = "1,2";
				TEST_TARGET_NAME = BadTherapy;
			};
			name = Release;
		};
/* End XCBuildConfiguration section */

/* Begin XCConfigurationList section */
		034799C02DC4712900BBC2AC /* Build configuration list for PBXProject "BadTherapy" */ = {
			isa = XCConfigurationList;
			buildConfigurations = (
				034799E42DC4712A00BBC2AC /* Debug */,
				034799E52DC4712A00BBC2AC /* Release */,
			);
			defaultConfigurationIsVisible = 0;
			defaultConfigurationName = Release;
		};
		034799E62DC4712A00BBC2AC /* Build configuration list for PBXNativeTarget "BadTherapy" */ = {
			isa = XCConfigurationList;
			buildConfigurations = (
				034799E72DC4712A00BBC2AC /* Debug */,
				034799E82DC4712A00BBC2AC /* Release */,
			);
			defaultConfigurationIsVisible = 0;
			defaultConfigurationName = Release;
		};
		034799E92DC4712A00BBC2AC /* Build configuration list for PBXNativeTarget "BadTherapyTests" */ = {
			isa = XCConfigurationList;
			buildConfigurations = (
				034799EA2DC4712A00BBC2AC /* Debug */,
				034799EB2DC4712A00BBC2AC /* Release */,
			);
			defaultConfigurationIsVisible = 0;
			defaultConfigurationName = Release;
		};
		034799EC2DC4712A00BBC2AC /* Build configuration list for PBXNativeTarget "BadTherapyUITests" */ = {
			isa = XCConfigurationList;
			buildConfigurations = (
				034799ED2DC4712A00BBC2AC /* Debug */,
				034799EE2DC4712A00BBC2AC /* Release */,
			);
			defaultConfigurationIsVisible = 0;
			defaultConfigurationName = Release;
		};
/* End XCConfigurationList section */
	};
	rootObject = 034799BD2DC4712900BBC2AC /* Project object */;
}
